
Microsoft Visual Studio Solution File, Format Version 12.00
# Visual Studio Version 17
VisualStudioVersion = 17.11.35327.3
MinimumVisualStudioVersion = 10.0.40219.1
Project("{9A19103F-16F7-4668-BE54-9A1E7A4F7556}") = "Team_PBook_wpf", "Team_PBook\Team_PBook_wpf.csproj", "{225D47E0-3868-4C75-9772-DF154CBE0C20}"
EndProject
Project("{9A19103F-16F7-4668-BE54-9A1E7A4F7556}") = "PBook_DAL", "PBook_DAL\PBook_DAL.csproj", "{0D14A0CF-9577-47A2-A711-6BFC4FA65AD0}"
EndProject
Project("{9A19103F-16F7-4668-BE54-9A1E7A4F7556}") = "PBook_Model", "PBook_Model\PBook_Model.csproj", "{741AEE47-BAAB-4E1E-A6ED-68C14B3E8DFA}"
EndProject
Project("{9A19103F-16F7-4668-BE54-9A1E7A4F7556}") = "PBook_BL", "PBook_BL\PBook_BL.csproj", "{D38FE177-6F7F-4440-93AF-7F9BA3D5810C}"
EndProject
Project("{9A19103F-16F7-4668-BE54-9A1E7A4F7556}") = "WebApp", "WebApp\WebApp.csproj", "{DF3C49AA-99AB-41B1-81B7-C3D63C54F0BA}"
EndProject
Project("{9A19103F-16F7-4668-BE54-9A1E7A4F7556}") = "PBook_Client_DAL", "PBook_Client_DAL\PBook_Client_DAL.csproj", "{50527A4D-B0B1-4EB9-BE4E-3FDCD2A10B0E}"
EndProject
Project("{2150E333-8FDC-42A3-9474-1A3956D46DE8}") = "Server", "Server", "{8880A17B-EBD1-4D9F-A075-9F7EB08A7E1F}"
EndProject
Project("{2150E333-8FDC-42A3-9474-1A3956D46DE8}") = "Client", "Client", "{682A6383-6A67-4253-AA4F-F5862F0D5C73}"
EndProject
Global
	GlobalSection(SolutionConfigurationPlatforms) = preSolution
		Debug|Any CPU = Debug|Any CPU
		Release|Any CPU = Release|Any CPU
	EndGlobalSection
	GlobalSection(ProjectConfigurationPlatforms) = postSolution
		{225D47E0-3868-4C75-9772-DF154CBE0C20}.Debug|Any CPU.ActiveCfg = Debug|Any CPU
		{225D47E0-3868-4C75-9772-DF154CBE0C20}.Debug|Any CPU.Build.0 = Debug|Any CPU
		{225D47E0-3868-4C75-9772-DF154CBE0C20}.Release|Any CPU.ActiveCfg = Release|Any CPU
		{225D47E0-3868-4C75-9772-DF154CBE0C20}.Release|Any CPU.Build.0 = Release|Any CPU
		{0D14A0CF-9577-47A2-A711-6BFC4FA65AD0}.Debug|Any CPU.ActiveCfg = Debug|Any CPU
		{0D14A0CF-9577-47A2-A711-6BFC4FA65AD0}.Debug|Any CPU.Build.0 = Debug|Any CPU
		{0D14A0CF-9577-47A2-A711-6BFC4FA65AD0}.Release|Any CPU.ActiveCfg = Release|Any CPU
		{0D14A0CF-9577-47A2-A711-6BFC4FA65AD0}.Release|Any CPU.Build.0 = Release|Any CPU
		{741AEE47-BAAB-4E1E-A6ED-68C14B3E8DFA}.Debug|Any CPU.ActiveCfg = Debug|Any CPU
		{741AEE47-BAAB-4E1E-A6ED-68C14B3E8DFA}.Debug|Any CPU.Build.0 = Debug|Any CPU
		{741AEE47-BAAB-4E1E-A6ED-68C14B3E8DFA}.Release|Any CPU.ActiveCfg = Release|Any CPU
		{741AEE47-BAAB-4E1E-A6ED-68C14B3E8DFA}.Release|Any CPU.Build.0 = Release|Any CPU
		{D38FE177-6F7F-4440-93AF-7F9BA3D5810C}.Debug|Any CPU.ActiveCfg = Debug|Any CPU
		{D38FE177-6F7F-4440-93AF-7F9BA3D5810C}.Debug|Any CPU.Build.0 = Debug|Any CPU
		{D38FE177-6F7F-4440-93AF-7F9BA3D5810C}.Release|Any CPU.ActiveCfg = Release|Any CPU
		{D38FE177-6F7F-4440-93AF-7F9BA3D5810C}.Release|Any CPU.Build.0 = Release|Any CPU
		{DF3C49AA-99AB-41B1-81B7-C3D63C54F0BA}.Debug|Any CPU.ActiveCfg = Debug|Any CPU
		{DF3C49AA-99AB-41B1-81B7-C3D63C54F0BA}.Debug|Any CPU.Build.0 = Debug|Any CPU
		{DF3C49AA-99AB-41B1-81B7-C3D63C54F0BA}.Release|Any CPU.ActiveCfg = Release|Any CPU
		{DF3C49AA-99AB-41B1-81B7-C3D63C54F0BA}.Release|Any CPU.Build.0 = Release|Any CPU
		{50527A4D-B0B1-4EB9-BE4E-3FDCD2A10B0E}.Debug|Any CPU.ActiveCfg = Debug|Any CPU
		{50527A4D-B0B1-4EB9-BE4E-3FDCD2A10B0E}.Debug|Any CPU.Build.0 = Debug|Any CPU
		{50527A4D-B0B1-4EB9-BE4E-3FDCD2A10B0E}.Release|Any CPU.ActiveCfg = Release|Any CPU
		{50527A4D-B0B1-4EB9-BE4E-3FDCD2A10B0E}.Release|Any CPU.Build.0 = Release|Any CPU
	EndGlobalSection
	GlobalSection(SolutionProperties) = preSolution
		HideSolutionNode = FALSE
	EndGlobalSection
	GlobalSection(NestedProjects) = preSolution
		{225D47E0-3868-4C75-9772-DF154CBE0C20} = {682A6383-6A67-4253-AA4F-F5862F0D5C73}
		{0D14A0CF-9577-47A2-A711-6BFC4FA65AD0} = {8880A17B-EBD1-4D9F-A075-9F7EB08A7E1F}
		{D38FE177-6F7F-4440-93AF-7F9BA3D5810C} = {8880A17B-EBD1-4D9F-A075-9F7EB08A7E1F}
		{DF3C49AA-99AB-41B1-81B7-C3D63C54F0BA} = {8880A17B-EBD1-4D9F-A075-9F7EB08A7E1F}
		{50527A4D-B0B1-4EB9-BE4E-3FDCD2A10B0E} = {682A6383-6A67-4253-AA4F-F5862F0D5C73}
	EndGlobalSection
	GlobalSection(ExtensibilityGlobals) = postSolution
		SolutionGuid = {8275FE3F-26A0-48DC-A169-C8B9FEA95877}
	EndGlobalSection
EndGlobal
