
Microsoft Visual Studio Solution File, Format Version 12.00
# Visual Studio Version 17
VisualStudioVersion = 17.11.35327.3
MinimumVisualStudioVersion = 10.0.40219.1
Project("{FAE04EC0-301F-11D3-BF4B-00C04F79EFBC}") = "Team_PBook_wpf", "Team_PBook\Team_PBook_wpf.csproj", "{225D47E0-3868-4C75-9772-DF154CBE0C20}"
EndProject
Project("{FAE04EC0-301F-11D3-BF4B-00C04F79EFBC}") = "PBook_DAL", "PBook_DAL\PBook_DAL.csproj", "{0D14A0CF-9577-47A2-A711-6BFC4FA65AD0}"
EndProject
Project("{FAE04EC0-301F-11D3-BF4B-00C04F79EFBC}") = "PBook_Model", "PBook_Model\PBook_Model.csproj", "{741AEE47-BAAB-4E1E-A6ED-68C14B3E8DFA}"
EndProject
Project("{FAE04EC0-301F-11D3-BF4B-00C04F79EFBC}") = "PBook_BL", "PBook_BL\PBook_BL.csproj", "{D38FE177-6F7F-4440-93AF-7F9BA3D5810C}"
EndProject
Project("{2150E333-8FDC-42A3-9474-1A3956D46DE8}") = "Server", "Server", "{1DCF37DD-51C2-4202-8236-0F2FD053AE43}"
EndProject
Global
	GlobalSection(SolutionConfigurationPlatforms) = preSolution
		Debug|Any CPU = Debug|Any CPU
		Release|Any CPU = Release|Any CPU
	EndGlobalSection
	GlobalSection(ProjectConfigurationPlatforms) = postSolution
		{225D47E0-3868-4C75-9772-DF154CBE0C20}.Debug|Any CPU.ActiveCfg = Debug|Any CPU
		{225D47E0-3868-4C75-9772-DF154CBE0C20}.Debug|Any CPU.Build.0 = Debug|Any CPU
		{225D47E0-3868-4C75-9772-DF154CBE0C20}.Release|Any CPU.ActiveCfg = Release|Any CPU
		{225D47E0-3868-4C75-9772-DF154CBE0C20}.Release|Any CPU.Build.0 = Release|Any CPU
		{0D14A0CF-9577-47A2-A711-6BFC4FA65AD0}.Debug|Any CPU.ActiveCfg = Debug|Any CPU
		{0D14A0CF-9577-47A2-A711-6BFC4FA65AD0}.Debug|Any CPU.Build.0 = Debug|Any CPU
		{0D14A0CF-9577-47A2-A711-6BFC4FA65AD0}.Release|Any CPU.ActiveCfg = Release|Any CPU
		{0D14A0CF-9577-47A2-A711-6BFC4FA65AD0}.Release|Any CPU.Build.0 = Release|Any CPU
		{741AEE47-BAAB-4E1E-A6ED-68C14B3E8DFA}.Debug|Any CPU.ActiveCfg = Debug|Any CPU
		{741AEE47-BAAB-4E1E-A6ED-68C14B3E8DFA}.Debug|Any CPU.Build.0 = Debug|Any CPU
		{741AEE47-BAAB-4E1E-A6ED-68C14B3E8DFA}.Release|Any CPU.ActiveCfg = Release|Any CPU
		{741AEE47-BAAB-4E1E-A6ED-68C14B3E8DFA}.Release|Any CPU.Build.0 = Release|Any CPU
		{D38FE177-6F7F-4440-93AF-7F9BA3D5810C}.Debug|Any CPU.ActiveCfg = Debug|Any CPU
		{D38FE177-6F7F-4440-93AF-7F9BA3D5810C}.Debug|Any CPU.Build.0 = Debug|Any CPU
		{D38FE177-6F7F-4440-93AF-7F9BA3D5810C}.Release|Any CPU.ActiveCfg = Release|Any CPU
		{D38FE177-6F7F-4440-93AF-7F9BA3D5810C}.Release|Any CPU.Build.0 = Release|Any CPU
	EndGlobalSection
	GlobalSection(SolutionProperties) = preSolution
		HideSolutionNode = FALSE
	EndGlobalSection
	GlobalSection(ExtensibilityGlobals) = postSolution
		SolutionGuid = {8275FE3F-26A0-48DC-A169-C8B9FEA95877}
	EndGlobalSection
	GlobalSection(NestedProjects) = preSolution
	EndGlobalSection
EndGlobal
