
Microsoft Visual Studio Solution File, Format Version 12.00
# Visual Studio Version 17
VisualStudioVersion = 17.11.35327.3
MinimumVisualStudioVersion = 10.0.40219.1
Project("{9A19103F-16F7-4668-BE54-9A1E7A4F7556}") = "PBook_DAL", "PBook_DAL\PBook_DAL.csproj", "{0D14A0CF-9577-47A2-A711-6BFC4FA65AD0}"
EndProject
Project("{9A19103F-16F7-4668-BE54-9A1E7A4F7556}") = "PBook_Model", "PBook_Model\PBook_Model.csproj", "{741AEE47-BAAB-4E1E-A6ED-68C14B3E8DFA}"
EndProject
Project("{9A19103F-16F7-4668-BE54-9A1E7A4F7556}") = "PBook_BL", "PBook_BL\PBook_BL.csproj", "{D38FE177-6F7F-4440-93AF-7F9BA3D5810C}"
EndProject
Project("{2150E333-8FDC-42A3-9474-1A3956D46DE8}") = "Server", "Server", "{1DCF37DD-51C2-4202-8236-0F2FD053AE43}"
EndProject
Project("{9A19103F-16F7-4668-BE54-9A1E7A4F7556}") = "PhoneBook.Model", "PhoneBook.Model\PhoneBook.Model.csproj", "{92250A62-9F22-4916-B96F-ED73A161B0C7}"
EndProject
Project("{9A19103F-16F7-4668-BE54-9A1E7A4F7556}") = "PhoneBook.DAL.Postgres", "PhoneBook.DAL.Postgres\PhoneBook.DAL.Postgres.csproj", "{3AB7850F-D996-4A2A-9EA9-2967359EB05E}"
EndProject
Project("{9A19103F-16F7-4668-BE54-9A1E7A4F7556}") = "PhoneBook.BL", "PhoneBook.BL\PhoneBook.BL.csproj", "{CFB72F30-691C-4DE1-9E1E-ECC8FCCFFF91}"
EndProject
Project("{9A19103F-16F7-4668-BE54-9A1E7A4F7556}") = "PhoneBook.WebApi", "PhoneBook.WebApi\PhoneBook.WebApi.csproj", "{DF94317C-C83B-4A2C-9EF2-5EBAE8B8434F}"
EndProject
Project("{FAE04EC0-301F-11D3-BF4B-00C04F79EFBC}") = "PBook_WebApi", "PBook_WebApi\PBook_WebApi.csproj", "{DF3C49AA-99AB-41B1-81B7-C3D63C54F0BA}"
EndProject
Project("{FAE04EC0-301F-11D3-BF4B-00C04F79EFBC}") = "PBook_Client_DAL", "PBook_Client_DAL\PBook_Client_DAL.csproj", "{50527A4D-B0B1-4EB9-BE4E-3FDCD2A10B0E}"
EndProject
Project("{FAE04EC0-301F-11D3-BF4B-00C04F79EFBC}") = "PBook_UI", "PBook_UI\PBook_UI.csproj", "{D5E48065-C841-4D57-8A6B-1EB5641DF371}"
EndProject
Global
	GlobalSection(SolutionConfigurationPlatforms) = preSolution
		Debug|Any CPU = Debug|Any CPU
		Release|Any CPU = Release|Any CPU
	EndGlobalSection
	GlobalSection(ProjectConfigurationPlatforms) = postSolution
		{0D14A0CF-9577-47A2-A711-6BFC4FA65AD0}.Debug|Any CPU.ActiveCfg = Debug|Any CPU
		{0D14A0CF-9577-47A2-A711-6BFC4FA65AD0}.Debug|Any CPU.Build.0 = Debug|Any CPU
		{0D14A0CF-9577-47A2-A711-6BFC4FA65AD0}.Release|Any CPU.ActiveCfg = Release|Any CPU
		{0D14A0CF-9577-47A2-A711-6BFC4FA65AD0}.Release|Any CPU.Build.0 = Release|Any CPU
		{741AEE47-BAAB-4E1E-A6ED-68C14B3E8DFA}.Debug|Any CPU.ActiveCfg = Debug|Any CPU
		{741AEE47-BAAB-4E1E-A6ED-68C14B3E8DFA}.Debug|Any CPU.Build.0 = Debug|Any CPU
		{741AEE47-BAAB-4E1E-A6ED-68C14B3E8DFA}.Release|Any CPU.ActiveCfg = Release|Any CPU
		{741AEE47-BAAB-4E1E-A6ED-68C14B3E8DFA}.Release|Any CPU.Build.0 = Release|Any CPU
		{D38FE177-6F7F-4440-93AF-7F9BA3D5810C}.Debug|Any CPU.ActiveCfg = Debug|Any CPU
		{D38FE177-6F7F-4440-93AF-7F9BA3D5810C}.Debug|Any CPU.Build.0 = Debug|Any CPU
		{D38FE177-6F7F-4440-93AF-7F9BA3D5810C}.Release|Any CPU.ActiveCfg = Release|Any CPU
		{D38FE177-6F7F-4440-93AF-7F9BA3D5810C}.Release|Any CPU.Build.0 = Release|Any CPU
		{92250A62-9F22-4916-B96F-ED73A161B0C7}.Debug|Any CPU.ActiveCfg = Debug|Any CPU
		{92250A62-9F22-4916-B96F-ED73A161B0C7}.Debug|Any CPU.Build.0 = Debug|Any CPU
		{92250A62-9F22-4916-B96F-ED73A161B0C7}.Release|Any CPU.ActiveCfg = Release|Any CPU
		{92250A62-9F22-4916-B96F-ED73A161B0C7}.Release|Any CPU.Build.0 = Release|Any CPU
		{3AB7850F-D996-4A2A-9EA9-2967359EB05E}.Debug|Any CPU.ActiveCfg = Debug|Any CPU
		{3AB7850F-D996-4A2A-9EA9-2967359EB05E}.Debug|Any CPU.Build.0 = Debug|Any CPU
		{3AB7850F-D996-4A2A-9EA9-2967359EB05E}.Release|Any CPU.ActiveCfg = Release|Any CPU
		{3AB7850F-D996-4A2A-9EA9-2967359EB05E}.Release|Any CPU.Build.0 = Release|Any CPU
		{CFB72F30-691C-4DE1-9E1E-ECC8FCCFFF91}.Debug|Any CPU.ActiveCfg = Debug|Any CPU
		{CFB72F30-691C-4DE1-9E1E-ECC8FCCFFF91}.Debug|Any CPU.Build.0 = Debug|Any CPU
		{CFB72F30-691C-4DE1-9E1E-ECC8FCCFFF91}.Release|Any CPU.ActiveCfg = Release|Any CPU
		{CFB72F30-691C-4DE1-9E1E-ECC8FCCFFF91}.Release|Any CPU.Build.0 = Release|Any CPU
		{DF94317C-C83B-4A2C-9EF2-5EBAE8B8434F}.Debug|Any CPU.ActiveCfg = Debug|Any CPU
		{DF94317C-C83B-4A2C-9EF2-5EBAE8B8434F}.Debug|Any CPU.Build.0 = Debug|Any CPU
		{DF94317C-C83B-4A2C-9EF2-5EBAE8B8434F}.Release|Any CPU.ActiveCfg = Release|Any CPU
		{DF94317C-C83B-4A2C-9EF2-5EBAE8B8434F}.Release|Any CPU.Build.0 = Release|Any CPU
		{DF3C49AA-99AB-41B1-81B7-C3D63C54F0BA}.Debug|Any CPU.ActiveCfg = Debug|Any CPU
		{DF3C49AA-99AB-41B1-81B7-C3D63C54F0BA}.Debug|Any CPU.Build.0 = Debug|Any CPU
		{DF3C49AA-99AB-41B1-81B7-C3D63C54F0BA}.Release|Any CPU.ActiveCfg = Release|Any CPU
		{DF3C49AA-99AB-41B1-81B7-C3D63C54F0BA}.Release|Any CPU.Build.0 = Release|Any CPU
		{50527A4D-B0B1-4EB9-BE4E-3FDCD2A10B0E}.Debug|Any CPU.ActiveCfg = Debug|Any CPU
		{50527A4D-B0B1-4EB9-BE4E-3FDCD2A10B0E}.Debug|Any CPU.Build.0 = Debug|Any CPU
		{50527A4D-B0B1-4EB9-BE4E-3FDCD2A10B0E}.Release|Any CPU.ActiveCfg = Release|Any CPU
		{50527A4D-B0B1-4EB9-BE4E-3FDCD2A10B0E}.Release|Any CPU.Build.0 = Release|Any CPU
		{D5E48065-C841-4D57-8A6B-1EB5641DF371}.Debug|Any CPU.ActiveCfg = Debug|Any CPU
		{D5E48065-C841-4D57-8A6B-1EB5641DF371}.Debug|Any CPU.Build.0 = Debug|Any CPU
		{D5E48065-C841-4D57-8A6B-1EB5641DF371}.Release|Any CPU.ActiveCfg = Release|Any CPU
		{D5E48065-C841-4D57-8A6B-1EB5641DF371}.Release|Any CPU.Build.0 = Release|Any CPU
	EndGlobalSection
	GlobalSection(SolutionProperties) = preSolution
		HideSolutionNode = FALSE
	EndGlobalSection
	GlobalSection(NestedProjects) = preSolution
		{92250A62-9F22-4916-B96F-ED73A161B0C7} = {1DCF37DD-51C2-4202-8236-0F2FD053AE43}
		{3AB7850F-D996-4A2A-9EA9-2967359EB05E} = {1DCF37DD-51C2-4202-8236-0F2FD053AE43}
		{CFB72F30-691C-4DE1-9E1E-ECC8FCCFFF91} = {1DCF37DD-51C2-4202-8236-0F2FD053AE43}
		{DF94317C-C83B-4A2C-9EF2-5EBAE8B8434F} = {1DCF37DD-51C2-4202-8236-0F2FD053AE43}
	EndGlobalSection
	GlobalSection(ExtensibilityGlobals) = postSolution
		SolutionGuid = {8275FE3F-26A0-48DC-A169-C8B9FEA95877}
	EndGlobalSection
EndGlobal
